// !$*UTF8*$!
{
	archiveVersion = 1;
	classes = {
	};
	objectVersion = 46;
	objects = {

/* Begin PBXBuildFile section */
		DBF5140B1F298B87001DEFA5 /* AppDelegate.swift in Sources */ = {isa = PBXBuildFile; fileRef = DBF5140A1F298B86001DEFA5 /* AppDelegate.swift */; };
		DBF5140D1F298B87001DEFA5 /* ViewController.swift in Sources */ = {isa = PBXBuildFile; fileRef = DBF5140C1F298B87001DEFA5 /* ViewController.swift */; };
		DBF514101F298B87001DEFA5 /* Main.storyboard in Resources */ = {isa = PBXBuildFile; fileRef = DBF5140E1F298B87001DEFA5 /* Main.storyboard */; };
		DBF514131F298B87001DEFA5 /* SlackUserList.xcdatamodeld in Sources */ = {isa = PBXBuildFile; fileRef = DBF514111F298B87001DEFA5 /* SlackUserList.xcdatamodeld */; };
		DBF514151F298B87001DEFA5 /* Assets.xcassets in Resources */ = {isa = PBXBuildFile; fileRef = DBF514141F298B87001DEFA5 /* Assets.xcassets */; };
		DBF514181F298B87001DEFA5 /* LaunchScreen.storyboard in Resources */ = {isa = PBXBuildFile; fileRef = DBF514161F298B87001DEFA5 /* LaunchScreen.storyboard */; };
/* End PBXBuildFile section */

/* Begin PBXFileReference section */
		DBF514071F298B86001DEFA5 /* SlackUserList.app */ = {isa = PBXFileReference; explicitFileType = wrapper.application; includeInIndex = 0; path = SlackUserList.app; sourceTree = BUILT_PRODUCTS_DIR; };
		DBF5140A1F298B86001DEFA5 /* AppDelegate.swift */ = {isa = PBXFileReference; lastKnownFileType = sourcecode.swift; path = AppDelegate.swift; sourceTree = "<group>"; };
		DBF5140C1F298B87001DEFA5 /* ViewController.swift */ = {isa = PBXFileReference; lastKnownFileType = sourcecode.swift; path = ViewController.swift; sourceTree = "<group>"; };
		DBF5140F1F298B87001DEFA5 /* Base */ = {isa = PBXFileReference; lastKnownFileType = file.storyboard; name = Base; path = Base.lproj/Main.storyboard; sourceTree = "<group>"; };
		DBF514121F298B87001DEFA5 /* SlackUserList.xcdatamodel */ = {isa = PBXFileReference; lastKnownFileType = wrapper.xcdatamodel; path = SlackUserList.xcdatamodel; sourceTree = "<group>"; };
		DBF514141F298B87001DEFA5 /* Assets.xcassets */ = {isa = PBXFileReference; lastKnownFileType = folder.assetcatalog; path = Assets.xcassets; sourceTree = "<group>"; };
		DBF514171F298B87001DEFA5 /* Base */ = {isa = PBXFileReference; lastKnownFileType = file.storyboard; name = Base; path = Base.lproj/LaunchScreen.storyboard; sourceTree = "<group>"; };
		DBF514191F298B87001DEFA5 /* Info.plist */ = {isa = PBXFileReference; lastKnownFileType = text.plist.xml; path = Info.plist; sourceTree = "<group>"; };
/* End PBXFileReference section */

/* Begin PBXFrameworksBuildPhase section */
		DBF514041F298B86001DEFA5 /* Frameworks */ = {
			isa = PBXFrameworksBuildPhase;
			buildActionMask = 2147483647;
			files = (
			);
			runOnlyForDeploymentPostprocessing = 0;
		};
/* End PBXFrameworksBuildPhase section */

/* Begin PBXGroup section */
		DBF513FE1F298B86001DEFA5 = {
			isa = PBXGroup;
			children = (
				DBF514091F298B86001DEFA5 /* SlackUserList */,
				DBF514081F298B86001DEFA5 /* Products */,
			);
			sourceTree = "<group>";
		};
		DBF514081F298B86001DEFA5 /* Products */ = {
			isa = PBXGroup;
			children = (
				DBF514071F298B86001DEFA5 /* SlackUserList.app */,
			);
			name = Products;
			sourceTree = "<group>";
		};
		DBF514091F298B86001DEFA5 /* SlackUserList */ = {
			isa = PBXGroup;
			children = (
				DBF5140A1F298B86001DEFA5 /* AppDelegate.swift */,
				DBF5140C1F298B87001DEFA5 /* ViewController.swift */,
				DBF5140E1F298B87001DEFA5 /* Main.storyboard */,
				DBF514141F298B87001DEFA5 /* Assets.xcassets */,
				DBF514161F298B87001DEFA5 /* LaunchScreen.storyboard */,
				DBF514191F298B87001DEFA5 /* Info.plist */,
				DBF514111F298B87001DEFA5 /* SlackUserList.xcdatamodeld */,
			);
			path = SlackUserList;
			sourceTree = "<group>";
		};
/* End PBXGroup section */

/* Begin PBXNativeTarget section */
		DBF514061F298B86001DEFA5 /* SlackUserList */ = {
			isa = PBXNativeTarget;
			buildConfigurationList = DBF5141C1F298B87001DEFA5 /* Build configuration list for PBXNativeTarget "SlackUserList" */;
			buildPhases = (
				DBF514031F298B86001DEFA5 /* Sources */,
				DBF514041F298B86001DEFA5 /* Frameworks */,
				DBF514051F298B86001DEFA5 /* Resources */,
			);
			buildRules = (
			);
			dependencies = (
			);
			name = SlackUserList;
			productName = SlackUserList;
			productReference = DBF514071F298B86001DEFA5 /* SlackUserList.app */;
			productType = "com.apple.product-type.application";
		};
/* End PBXNativeTarget section */

/* Begin PBXProject section */
		DBF513FF1F298B86001DEFA5 /* Project object */ = {
			isa = PBXProject;
			attributes = {
				LastSwiftUpdateCheck = 0830;
				LastUpgradeCheck = 0830;
				ORGANIZATIONNAME = ArrayFounder;
				TargetAttributes = {
					DBF514061F298B86001DEFA5 = {
						CreatedOnToolsVersion = 8.3.3;
						DevelopmentTeam = 86F7Y88BZA;
						ProvisioningStyle = Automatic;
					};
				};
			};
			buildConfigurationList = DBF514021F298B86001DEFA5 /* Build configuration list for PBXProject "SlackUserList" */;
			compatibilityVersion = "Xcode 3.2";
			developmentRegion = English;
			hasScannedForEncodings = 0;
			knownRegions = (
				en,
				Base,
			);
			mainGroup = DBF513FE1F298B86001DEFA5;
			productRefGroup = DBF514081F298B86001DEFA5 /* Products */;
			projectDirPath = "";
			projectRoot = "";
			targets = (
				DBF514061F298B86001DEFA5 /* SlackUserList */,
			);
		};
/* End PBXProject section */

/* Begin PBXResourcesBuildPhase section */
		DBF514051F298B86001DEFA5 /* Resources */ = {
			isa = PBXResourcesBuildPhase;
			buildActionMask = 2147483647;
			files = (
				DBF514181F298B87001DEFA5 /* LaunchScreen.storyboard in Resources */,
				DBF514151F298B87001DEFA5 /* Assets.xcassets in Resources */,
				DBF514101F298B87001DEFA5 /* Main.storyboard in Resources */,
			);
			runOnlyForDeploymentPostprocessing = 0;
		};
/* End PBXResourcesBuildPhase section */

/* Begin PBXSourcesBuildPhase section */
		DBF514031F298B86001DEFA5 /* Sources */ = {
			isa = PBXSourcesBuildPhase;
			buildActionMask = 2147483647;
			files = (
				DBF5140D1F298B87001DEFA5 /* ViewController.swift in Sources */,
				DBF514131F298B87001DEFA5 /* SlackUserList.xcdatamodeld in Sources */,
				DBF5140B1F298B87001DEFA5 /* AppDelegate.swift in Sources */,
			);
			runOnlyForDeploymentPostprocessing = 0;
		};
/* End PBXSourcesBuildPhase section */

/* Begin PBXVariantGroup section */
		DBF5140E1F298B87001DEFA5 /* Main.storyboard */ = {
			isa = PBXVariantGroup;
			children = (
				DBF5140F1F298B87001DEFA5 /* Base */,
			);
			name = Main.storyboard;
			sourceTree = "<group>";
		};
		DBF514161F298B87001DEFA5 /* LaunchScreen.storyboard */ = {
			isa = PBXVariantGroup;
			children = (
				DBF514171F298B87001DEFA5 /* Base */,
			);
			name = LaunchScreen.storyboard;
			sourceTree = "<group>";
		};
/* End PBXVariantGroup section */

/* Begin XCBuildConfiguration section */
		DBF5141A1F298B87001DEFA5 /* Debug */ = {
			isa = XCBuildConfiguration;
			buildSettings = {
				ALWAYS_SEARCH_USER_PATHS = NO;
				CLANG_ANALYZER_NONNULL = YES;
				CLANG_ANALYZER_NUMBER_OBJECT_CONVERSION = YES_AGGRESSIVE;
				CLANG_CXX_LANGUAGE_STANDARD = "gnu++0x";
				CLANG_CXX_LIBRARY = "libc++";
				CLANG_ENABLE_MODULES = YES;
				CLANG_ENABLE_OBJC_ARC = YES;
				CLANG_WARN_BOOL_CONVERSION = YES;
				CLANG_WARN_CONSTANT_CONVERSION = YES;
				CLANG_WARN_DIRECT_OBJC_ISA_USAGE = YES_ERROR;
				CLANG_WARN_DOCUMENTATION_COMMENTS = YES;
				CLANG_WARN_EMPTY_BODY = YES;
				CLANG_WARN_ENUM_CONVERSION = YES;
				CLANG_WARN_INFINITE_RECURSION = YES;
				CLANG_WARN_INT_CONVERSION = YES;
				CLANG_WARN_OBJC_ROOT_CLASS = YES_ERROR;
				CLANG_WARN_SUSPICIOUS_MOVE = YES;
				CLANG_WARN_UNREACHABLE_CODE = YES;
				CLANG_WARN__DUPLICATE_METHOD_MATCH = YES;
				"CODE_SIGN_IDENTITY[sdk=iphoneos*]" = "iPhone Developer";
				COPY_PHASE_STRIP = NO;
				DEBUG_INFORMATION_FORMAT = dwarf;
				ENABLE_STRICT_OBJC_MSGSEND = YES;
				ENABLE_TESTABILITY = YES;
				GCC_C_LANGUAGE_STANDARD = gnu99;
				GCC_DYNAMIC_NO_PIC = NO;
				GCC_NO_COMMON_BLOCKS = YES;
				GCC_OPTIMIZATION_LEVEL = 0;
				GCC_PREPROCESSOR_DEFINITIONS = (
					"DEBUG=1",
					"$(inherited)",
				);
				GCC_WARN_64_TO_32_BIT_CONVERSION = YES;
				GCC_WARN_ABOUT_RETURN_TYPE = YES_ERROR;
				GCC_WARN_UNDECLARED_SELECTOR = YES;
				GCC_WARN_UNINITIALIZED_AUTOS = YES_AGGRESSIVE;
				GCC_WARN_UNUSED_FUNCTION = YES;
				GCC_WARN_UNUSED_VARIABLE = YES;
				IPHONEOS_DEPLOYMENT_TARGET = 10.3;
				MTL_ENABLE_DEBUG_INFO = YES;
				ONLY_ACTIVE_ARCH = YES;
				SDKROOT = iphoneos;
				SWIFT_ACTIVE_COMPILATION_CONDITIONS = DEBUG;
				SWIFT_OPTIMIZATION_LEVEL = "-Onone";
			};
			name = Debug;
		};
		DBF5141B1F298B87001DEFA5 /* Release */ = {
			isa = XCBuildConfiguration;
			buildSettings = {
				ALWAYS_SEARCH_USER_PATHS = NO;
				CLANG_ANALYZER_NONNULL = YES;
				CLANG_ANALYZER_NUMBER_OBJECT_CONVERSION = YES_AGGRESSIVE;
				CLANG_CXX_LANGUAGE_STANDARD = "gnu++0x";
				CLANG_CXX_LIBRARY = "libc++";
				CLANG_ENABLE_MODULES = YES;
				CLANG_ENABLE_OBJC_ARC = YES;
				CLANG_WARN_BOOL_CONVERSION = YES;
				CLANG_WARN_CONSTANT_CONVERSION = YES;
				CLANG_WARN_DIRECT_OBJC_ISA_USAGE = YES_ERROR;
				CLANG_WARN_DOCUMENTATION_COMMENTS = YES;
				CLANG_WARN_EMPTY_BODY = YES;
				CLANG_WARN_ENUM_CONVERSION = YES;
				CLANG_WARN_INFINITE_RECURSION = YES;
				CLANG_WARN_INT_CONVERSION = YES;
				CLANG_WARN_OBJC_ROOT_CLASS = YES_ERROR;
				CLANG_WARN_SUSPICIOUS_MOVE = YES;
				CLANG_WARN_UNREACHABLE_CODE = YES;
				CLANG_WARN__DUPLICATE_METHOD_MATCH = YES;
				"CODE_SIGN_IDENTITY[sdk=iphoneos*]" = "iPhone Developer";
				COPY_PHASE_STRIP = NO;
				DEBUG_INFORMATION_FORMAT = "dwarf-with-dsym";
				ENABLE_NS_ASSERTIONS = NO;
				ENABLE_STRICT_OBJC_MSGSEND = YES;
				GCC_C_LANGUAGE_STANDARD = gnu99;
				GCC_NO_COMMON_BLOCKS = YES;
				GCC_WARN_64_TO_32_BIT_CONVERSION = YES;
				GCC_WARN_ABOUT_RETURN_TYPE = YES_ERROR;
				GCC_WARN_UNDECLARED_SELECTOR = YES;
				GCC_WARN_UNINITIALIZED_AUTOS = YES_AGGRESSIVE;
				GCC_WARN_UNUSED_FUNCTION = YES;
				GCC_WARN_UNUSED_VARIABLE = YES;
				IPHONEOS_DEPLOYMENT_TARGET = 10.3;
				MTL_ENABLE_DEBUG_INFO = NO;
				SDKROOT = iphoneos;
				SWIFT_OPTIMIZATION_LEVEL = "-Owholemodule";
				VALIDATE_PRODUCT = YES;
			};
			name = Release;
		};
		DBF5141D1F298B87001DEFA5 /* Debug */ = {
			isa = XCBuildConfiguration;
			buildSettings = {
				ASSETCATALOG_COMPILER_APPICON_NAME = AppIcon;
				DEVELOPMENT_TEAM = 86F7Y88BZA;
				INFOPLIST_FILE = SlackUserList/Info.plist;
				LD_RUNPATH_SEARCH_PATHS = "$(inherited) @executable_path/Frameworks";
				PRODUCT_BUNDLE_IDENTIFIER = com.array.SlackUserList;
				PRODUCT_NAME = "$(TARGET_NAME)";
				SWIFT_VERSION = 3.0;
			};
			name = Debug;
		};
		DBF5141E1F298B87001DEFA5 /* Release */ = {
			isa = XCBuildConfiguration;
			buildSettings = {
				ASSETCATALOG_COMPILER_APPICON_NAME = AppIcon;
				DEVELOPMENT_TEAM = 86F7Y88BZA;
				INFOPLIST_FILE = SlackUserList/Info.plist;
				LD_RUNPATH_SEARCH_PATHS = "$(inherited) @executable_path/Frameworks";
				PRODUCT_BUNDLE_IDENTIFIER = com.array.SlackUserList;
				PRODUCT_NAME = "$(TARGET_NAME)";
				SWIFT_VERSION = 3.0;
			};
			name = Release;
		};
/* End XCBuildConfiguration section */

/* Begin XCConfigurationList section */
		DBF514021F298B86001DEFA5 /* Build configuration list for PBXProject "SlackUserList" */ = {
			isa = XCConfigurationList;
			buildConfigurations = (
				DBF5141A1F298B87001DEFA5 /* Debug */,
				DBF5141B1F298B87001DEFA5 /* Release */,
			);
			defaultConfigurationIsVisible = 0;
			defaultConfigurationName = Release;
		};
		DBF5141C1F298B87001DEFA5 /* Build configuration list for PBXNativeTarget "SlackUserList" */ = {
			isa = XCConfigurationList;
			buildConfigurations = (
				DBF5141D1F298B87001DEFA5 /* Debug */,
				DBF5141E1F298B87001DEFA5 /* Release */,
			);
			defaultConfigurationIsVisible = 0;
		};
/* End XCConfigurationList section */

/* Begin XCVersionGroup section */
		DBF514111F298B87001DEFA5 /* SlackUserList.xcdatamodeld */ = {
			isa = XCVersionGroup;
			children = (
				DBF514121F298B87001DEFA5 /* SlackUserList.xcdatamodel */,
			);
			currentVersion = DBF514121F298B87001DEFA5 /* SlackUserList.xcdatamodel */;
			path = SlackUserList.xcdatamodeld;
			sourceTree = "<group>";
			versionGroupType = wrapper.xcdatamodel;
		};
/* End XCVersionGroup section */
	};
	rootObject = DBF513FF1F298B86001DEFA5 /* Project object */;
}
